
Microsoft Visual Studio Solution File, Format Version 12.00
# Visual Studio Version 17
VisualStudioVersion = 17.9.34714.143
MinimumVisualStudioVersion = 10.0.40219.1
Project("{FAE04EC0-301F-11D3-BF4B-00C04F79EFBC}") = "FIAPCloudGames.Domain", "src\FIAPCloudGames.Domain\FIAPCloudGames.Domain.csproj", "{A189CDB5-B96C-4888-AF7F-8068079650E9}"
EndProject
Project("{2150E333-8FDC-42A3-9474-1A3956D46DE8}") = "src", "src", "{836A756E-5FC4-4DF6-A40D-8410B860EB9C}"
EndProject
Project("{FAE04EC0-301F-11D3-BF4B-00C04F79EFBC}") = "FIAPCloudGames.Application", "src\FIAPCloudGames.Application\FIAPCloudGames.Application.csproj", "{F980E094-A5E6-446A-891B-55FE3B8913D4}"
EndProject
Project("{FAE04EC0-301F-11D3-BF4B-00C04F79EFBC}") = "FIAPCloudGames.Infrastructure", "src\FIAPCloudGames.Infrastructure\FIAPCloudGames.Infrastructure.csproj", "{515CA397-B94A-4A7F-97A7-EA8440C6A603}"
EndProject
Project("{2150E333-8FDC-42A3-9474-1A3956D46DE8}") = "tests", "tests", "{CECF1A41-8988-478A-9BD0-A7D2D5A698F5}"
EndProject
Project("{FAE04EC0-301F-11D3-BF4B-00C04F79EFBC}") = "FIAPCloudGames.WebAPI", "src\FIAPCloudGames.WebAPI\FIAPCloudGames.WebAPI.csproj", "{74A7E6D7-842F-4927-A493-F908DB1D9BA5}"
EndProject
Project("{FAE04EC0-301F-11D3-BF4B-00C04F79EFBC}") = "FIAPCloudGames.Test", "tests\FIAPCloudGames.Test\FIAPCloudGames.Test.csproj", "{004213B9-E954-44BF-9277-04772FD5EE85}"
EndProject
Global
	GlobalSection(SolutionConfigurationPlatforms) = preSolution
		Debug|Any CPU = Debug|Any CPU
		Release|Any CPU = Release|Any CPU
	EndGlobalSection
	GlobalSection(ProjectConfigurationPlatforms) = postSolution
		{A189CDB5-B96C-4888-AF7F-8068079650E9}.Debug|Any CPU.ActiveCfg = Debug|Any CPU
		{A189CDB5-B96C-4888-AF7F-8068079650E9}.Debug|Any CPU.Build.0 = Debug|Any CPU
		{A189CDB5-B96C-4888-AF7F-8068079650E9}.Release|Any CPU.ActiveCfg = Release|Any CPU
		{A189CDB5-B96C-4888-AF7F-8068079650E9}.Release|Any CPU.Build.0 = Release|Any CPU
		{F980E094-A5E6-446A-891B-55FE3B8913D4}.Debug|Any CPU.ActiveCfg = Debug|Any CPU
		{F980E094-A5E6-446A-891B-55FE3B8913D4}.Debug|Any CPU.Build.0 = Debug|Any CPU
		{F980E094-A5E6-446A-891B-55FE3B8913D4}.Release|Any CPU.ActiveCfg = Release|Any CPU
		{F980E094-A5E6-446A-891B-55FE3B8913D4}.Release|Any CPU.Build.0 = Release|Any CPU
		{515CA397-B94A-4A7F-97A7-EA8440C6A603}.Debug|Any CPU.ActiveCfg = Debug|Any CPU
		{515CA397-B94A-4A7F-97A7-EA8440C6A603}.Debug|Any CPU.Build.0 = Debug|Any CPU
		{515CA397-B94A-4A7F-97A7-EA8440C6A603}.Release|Any CPU.ActiveCfg = Release|Any CPU
		{515CA397-B94A-4A7F-97A7-EA8440C6A603}.Release|Any CPU.Build.0 = Release|Any CPU
		{74A7E6D7-842F-4927-A493-F908DB1D9BA5}.Debug|Any CPU.ActiveCfg = Debug|Any CPU
		{74A7E6D7-842F-4927-A493-F908DB1D9BA5}.Debug|Any CPU.Build.0 = Debug|Any CPU
		{74A7E6D7-842F-4927-A493-F908DB1D9BA5}.Release|Any CPU.ActiveCfg = Release|Any CPU
		{74A7E6D7-842F-4927-A493-F908DB1D9BA5}.Release|Any CPU.Build.0 = Release|Any CPU
		{004213B9-E954-44BF-9277-04772FD5EE85}.Debug|Any CPU.ActiveCfg = Debug|Any CPU
		{004213B9-E954-44BF-9277-04772FD5EE85}.Debug|Any CPU.Build.0 = Debug|Any CPU
		{004213B9-E954-44BF-9277-04772FD5EE85}.Release|Any CPU.ActiveCfg = Release|Any CPU
		{004213B9-E954-44BF-9277-04772FD5EE85}.Release|Any CPU.Build.0 = Release|Any CPU
	EndGlobalSection
	GlobalSection(SolutionProperties) = preSolution
		HideSolutionNode = FALSE
	EndGlobalSection
	GlobalSection(NestedProjects) = preSolution
		{A189CDB5-B96C-4888-AF7F-8068079650E9} = {836A756E-5FC4-4DF6-A40D-8410B860EB9C}
		{F980E094-A5E6-446A-891B-55FE3B8913D4} = {836A756E-5FC4-4DF6-A40D-8410B860EB9C}
		{515CA397-B94A-4A7F-97A7-EA8440C6A603} = {836A756E-5FC4-4DF6-A40D-8410B860EB9C}
		{74A7E6D7-842F-4927-A493-F908DB1D9BA5} = {836A756E-5FC4-4DF6-A40D-8410B860EB9C}
		{004213B9-E954-44BF-9277-04772FD5EE85} = {CECF1A41-8988-478A-9BD0-A7D2D5A698F5}
	EndGlobalSection
	GlobalSection(ExtensibilityGlobals) = postSolution
		SolutionGuid = {EB688E7D-4D15-4792-AB3F-4CAA30B73778}
	EndGlobalSection
EndGlobal
